
Microsoft Visual Studio Solution File, Format Version 12.00
# Visual Studio Version 16
VisualStudioVersion = 16.0.30114.105
MinimumVisualStudioVersion = 10.0.40219.1
Project("{9A19103F-16F7-4668-BE54-9A1E7A4F7556}") = "DomainDriven.BaseModel", "DomainDriven.BaseModel\DomainDriven.BaseModel.csproj", "{64AE8808-6C58-429D-B96E-EAA1D6173713}"
EndProject
Global
	GlobalSection(SolutionConfigurationPlatforms) = preSolution
		Debug|Any CPU = Debug|Any CPU
		Release|Any CPU = Release|Any CPU
	EndGlobalSection
	GlobalSection(ProjectConfigurationPlatforms) = postSolution
		{64AE8808-6C58-429D-B96E-EAA1D6173713}.Debug|Any CPU.ActiveCfg = Debug|Any CPU
		{64AE8808-6C58-429D-B96E-EAA1D6173713}.Debug|Any CPU.Build.0 = Debug|Any CPU
		{64AE8808-6C58-429D-B96E-EAA1D6173713}.Release|Any CPU.ActiveCfg = Release|Any CPU
		{64AE8808-6C58-429D-B96E-EAA1D6173713}.Release|Any CPU.Build.0 = Release|Any CPU
	EndGlobalSection
	GlobalSection(SolutionProperties) = preSolution
		HideSolutionNode = FALSE
	EndGlobalSection
	GlobalSection(ExtensibilityGlobals) = postSolution
		SolutionGuid = {E32138DB-A85C-450A-B833-EDAE62CE391B}
	EndGlobalSection
EndGlobal
